{
  "name": "valetudo-minecraft-mapper",
  "version": "2021.03.0",
  "lockfileVersion": 1,
  "requires": true,
  "dependencies": {
    "nbt-ts": {
      "version": "1.3.3",
      "resolved": "https://registry.npmjs.org/nbt-ts/-/nbt-ts-1.3.3.tgz",
      "integrity": "sha512-xmEVWDJzO7YdA2YJHqAkfiOKlKECXe/hfNB10t3W7aDJsCXTjXyRbhP5HYvCwrMefGk8p6arQqeMO2V6djyfxQ=="
    },
    "node-anvil": {
      "version": "1.2.0",
      "resolved": "https://registry.npmjs.org/node-anvil/-/node-anvil-1.2.0.tgz",
      "integrity": "sha512-NxUeDHrb7Of21DlHViH7wZ87cgVFjrObROjkrMg4fJcl3uTb5sWvv/K9ZzfOB8NxEOI+NNIZwnL8TpCmPyJ/SA==",
      "requires": {
        "nbt-ts": "^1.1.0",
        "shallow-equal": "^1.2.0"
      }
    },
    "shallow-equal": {
      "version": "1.2.1",
      "resolved": "https://registry.npmjs.org/shallow-equal/-/shallow-equal-1.2.1.tgz",
      "integrity": "sha512-S4vJDjHHMBaiZuT9NPb616CSmLf618jawtv3sufLl6ivK8WocjAo58cXwbRV1cgqxH0Qbv+iUt6m05eqEa2IRA=="
    }
  }
}
